
Microsoft Visual Studio Solution File, Format Version 12.00
# Visual Studio Version 17
VisualStudioVersion = 17.7.34024.191
MinimumVisualStudioVersion = 10.0.40219.1
Project("{9A19103F-16F7-4668-BE54-9A1E7A4F7556}") = "Entity", "Entity\Entity.csproj", "{CE28497A-D77A-4028-8CD3-BD541449311B}"
EndProject
Project("{9A19103F-16F7-4668-BE54-9A1E7A4F7556}") = "BookLibraryAPI", "BookLibraryAPI\BookLibraryAPI.csproj", "{8A750603-DA12-411A-8751-CF271E84AF49}"
EndProject
Project("{9A19103F-16F7-4668-BE54-9A1E7A4F7556}") = "DAL", "DAL\DAL.csproj", "{8CA59CFB-4377-40E9-9712-DC418E2FF41C}"
	ProjectSection(ProjectDependencies) = postProject
		{CE28497A-D77A-4028-8CD3-BD541449311B} = {CE28497A-D77A-4028-8CD3-BD541449311B}
	EndProjectSection
EndProject
Project("{9A19103F-16F7-4668-BE54-9A1E7A4F7556}") = "Business", "Business\Business.csproj", "{EEC41AD5-3BE6-4654-9BE5-79BDEE2463D8}"
EndProject
Project("{FAE04EC0-301F-11D3-BF4B-00C04F79EFBC}") = "BookServiceSpecflowTest", "BookServiceSpecflowTest\BookServiceSpecflowTest.csproj", "{9BE6D4CF-A9E8-47A1-B1B5-EB9C497F643D}"
EndProject
Global
	GlobalSection(SolutionConfigurationPlatforms) = preSolution
		Debug|Any CPU = Debug|Any CPU
		Release|Any CPU = Release|Any CPU
	EndGlobalSection
	GlobalSection(ProjectConfigurationPlatforms) = postSolution
		{CE28497A-D77A-4028-8CD3-BD541449311B}.Debug|Any CPU.ActiveCfg = Debug|Any CPU
		{CE28497A-D77A-4028-8CD3-BD541449311B}.Debug|Any CPU.Build.0 = Debug|Any CPU
		{CE28497A-D77A-4028-8CD3-BD541449311B}.Release|Any CPU.ActiveCfg = Release|Any CPU
		{CE28497A-D77A-4028-8CD3-BD541449311B}.Release|Any CPU.Build.0 = Release|Any CPU
		{8A750603-DA12-411A-8751-CF271E84AF49}.Debug|Any CPU.ActiveCfg = Debug|Any CPU
		{8A750603-DA12-411A-8751-CF271E84AF49}.Debug|Any CPU.Build.0 = Debug|Any CPU
		{8A750603-DA12-411A-8751-CF271E84AF49}.Release|Any CPU.ActiveCfg = Release|Any CPU
		{8A750603-DA12-411A-8751-CF271E84AF49}.Release|Any CPU.Build.0 = Release|Any CPU
		{8CA59CFB-4377-40E9-9712-DC418E2FF41C}.Debug|Any CPU.ActiveCfg = Debug|Any CPU
		{8CA59CFB-4377-40E9-9712-DC418E2FF41C}.Debug|Any CPU.Build.0 = Debug|Any CPU
		{8CA59CFB-4377-40E9-9712-DC418E2FF41C}.Release|Any CPU.ActiveCfg = Release|Any CPU
		{8CA59CFB-4377-40E9-9712-DC418E2FF41C}.Release|Any CPU.Build.0 = Release|Any CPU
		{EEC41AD5-3BE6-4654-9BE5-79BDEE2463D8}.Debug|Any CPU.ActiveCfg = Debug|Any CPU
		{EEC41AD5-3BE6-4654-9BE5-79BDEE2463D8}.Debug|Any CPU.Build.0 = Debug|Any CPU
		{EEC41AD5-3BE6-4654-9BE5-79BDEE2463D8}.Release|Any CPU.ActiveCfg = Release|Any CPU
		{EEC41AD5-3BE6-4654-9BE5-79BDEE2463D8}.Release|Any CPU.Build.0 = Release|Any CPU
		{9BE6D4CF-A9E8-47A1-B1B5-EB9C497F643D}.Debug|Any CPU.ActiveCfg = Debug|Any CPU
		{9BE6D4CF-A9E8-47A1-B1B5-EB9C497F643D}.Debug|Any CPU.Build.0 = Debug|Any CPU
		{9BE6D4CF-A9E8-47A1-B1B5-EB9C497F643D}.Release|Any CPU.ActiveCfg = Release|Any CPU
		{9BE6D4CF-A9E8-47A1-B1B5-EB9C497F643D}.Release|Any CPU.Build.0 = Release|Any CPU
	EndGlobalSection
	GlobalSection(SolutionProperties) = preSolution
		HideSolutionNode = FALSE
	EndGlobalSection
	GlobalSection(ExtensibilityGlobals) = postSolution
		SolutionGuid = {68DF2E71-6123-4613-B214-86FF5A5F11FA}
	EndGlobalSection
EndGlobal
